{
  "name": "kaitai-struct-spec-javascript",
  "version": "1.0.0",
  "lockfileVersion": 3,
  "requires": true,
  "packages": {
    "": {
      "name": "kaitai-struct-spec-javascript",
      "version": "1.0.0",
      "license": "MIT",
      "dependencies": {
        "kaitai-struct": "file:../../../runtime/javascript",
        "nested-deeply": "file:nested-deeply"
      }
    },
    "../../../runtime/javascript": {
      "name": "kaitai-struct",
      "version": "0.12.0-SNAPSHOT.3",
      "license": "Apache-2.0",
      "devDependencies": {
        "@types/node": "^25.6.0",
        "typescript": "^6.0.2"
      }
    },
    "nested-deeply": {
      "version": "1.0.0",
      "license": "MIT"
    },
    "node_modules/kaitai-struct": {
      "resolved": "../../../runtime/javascript",
      "link": true
    },
    "node_modules/nested-deeply": {
      "resolved": "nested-deeply",
      "link": true
    }
  }
}
