{
  "name": "kaitai-struct-spec-javascript",
  "version": "1.0.0",
  "lockfileVersion": 1,
  "requires": true,
  "dependencies": {
    "kaitai-struct": {
      "version": "file:../../../runtime/javascript",
      "dependencies": {
        "@types/node": {
          "version": "25.6.0",
          "requires": {
            "undici-types": "~7.19.0"
          }
        },
        "typescript": {
          "version": "6.0.2"
        },
        "undici-types": {
          "version": "7.19.2"
        }
      }
    },
    "nested-deeply": {
      "version": "file:nested-deeply"
    }
  }
}
